{
  "object": {
    "pins": [
      {
        "package": "MapboxCommon",
        "repositoryURL": "https://github.com/mapbox/mapbox-common-ios.git",
        "state": {
          "branch": null,
          "revision": "3dabe41278e9b88e3eb2851dd3967493d21f08af",
          "version": "21.0.1"
        }
      },
      {
        "package": "MapboxCoreMaps",
        "repositoryURL": "https://github.com/mapbox/mapbox-core-maps-ios.git",
        "state": {
          "branch": null,
          "revision": "a9955a309b7d17ce743bb9ea2eaf259540a2f64a",
          "version": "10.2.0"
        }
      },
      {
        "package": "MapboxMobileEvents",
        "repositoryURL": "https://github.com/mapbox/mapbox-events-ios.git",
        "state": {
          "branch": null,
          "revision": "e29f48d9ed02b31ef51f9774a9c45f1d7c2c2b78",
          "version": "1.0.6"
        }
      },
      {
        "package": "MapboxMaps",
        "repositoryURL": "https://github.com/mapbox/mapbox-maps-ios",
        "state": {
          "branch": null,
          "revision": "f8f4bb51777d2062b171018ac738c87d1ec94c7a",
          "version": "10.2.0"
        }
      },
      {
        "package": "MapView OSLog Extensions",
        "repositoryURL": "https://github.com/roblabs/mapview-log-extensions.git",
        "state": {
          "branch": null,
          "revision": "a30606ebbaaa1e82234a6d055bcd718a459fb3c2",
          "version": "2.78.31415"
        }
      },
      {
        "package": "Turf",
        "repositoryURL": "https://github.com/mapbox/turf-swift.git",
        "state": {
          "branch": null,
          "revision": "436682278bd65a1dbfbad53902af6f4cc0af1a33",
          "version": "2.2.0"
        }
      }
    ]
  },
  "version": 1
}
