// !$*UTF8*$!
{
	archiveVersion = 1;
	classes = {
	};
	objectVersion = 46;
	objects = {

/* Begin PBXBuildFile section */
		4C5BF3191C84DDF5000EE0E1 /* AppDelegate.swift in Sources */ = {isa = PBXBuildFile; fileRef = 4C5BF3181C84DDF5000EE0E1 /* AppDelegate.swift */; };
		4C5BF31B1C84DDF5000EE0E1 /* ViewController.swift in Sources */ = {isa = PBXBuildFile; fileRef = 4C5BF31A1C84DDF5000EE0E1 /* ViewController.swift */; };
		4C5BF31E1C84DDF5000EE0E1 /* Main.storyboard in Resources */ = {isa = PBXBuildFile; fileRef = 4C5BF31C1C84DDF5000EE0E1 /* Main.storyboard */; };
		4C5BF3201C84DDF5000EE0E1 /* Assets.xcassets in Resources */ = {isa = PBXBuildFile; fileRef = 4C5BF31F1C84DDF5000EE0E1 /* Assets.xcassets */; };
		4C5BF3231C84DDF5000EE0E1 /* LaunchScreen.storyboard in Resources */ = {isa = PBXBuildFile; fileRef = 4C5BF3211C84DDF5000EE0E1 /* LaunchScreen.storyboard */; };
		4C5BF32B1C84DE90000EE0E1 /* Mapbox.framework in Frameworks */ = {isa = PBXBuildFile; fileRef = 4C5BF32A1C84DE90000EE0E1 /* Mapbox.framework */; };
		4C5BF32C1C84DE90000EE0E1 /* Mapbox.framework in Embed Frameworks */ = {isa = PBXBuildFile; fileRef = 4C5BF32A1C84DE90000EE0E1 /* Mapbox.framework */; settings = {ATTRIBUTES = (CodeSignOnCopy, RemoveHeadersOnCopy, ); }; };
		4C5BF32F1C84DEF2000EE0E1 /* bright-v8-local.json in Resources */ = {isa = PBXBuildFile; fileRef = 4C5BF32E1C84DEF2000EE0E1 /* bright-v8-local.json */; };
		4C5BF3311C84DF01000EE0E1 /* osm2vectortiles-header.jpg in Resources */ = {isa = PBXBuildFile; fileRef = 4C5BF3301C84DF01000EE0E1 /* osm2vectortiles-header.jpg */; };
		D71B679A1C9C827300C6AA6A /* glyphs in Resources */ = {isa = PBXBuildFile; fileRef = D71B67971C9C827300C6AA6A /* glyphs */; };
		D71B679B1C9C827300C6AA6A /* sprites in Resources */ = {isa = PBXBuildFile; fileRef = D71B67981C9C827300C6AA6A /* sprites */; };
		D71B679C1C9C827300C6AA6A /* v1.json in Resources */ = {isa = PBXBuildFile; fileRef = D71B67991C9C827300C6AA6A /* v1.json */; };
		D71B67A61CA094EC00C6AA6A /* geography-class in Resources */ = {isa = PBXBuildFile; fileRef = D71B67A51CA094EC00C6AA6A /* geography-class */; };
		D71B67A81CA0979600C6AA6A /* geography-class-local.json in Resources */ = {isa = PBXBuildFile; fileRef = D71B67A71CA0979600C6AA6A /* geography-class-local.json */; };
/* End PBXBuildFile section */

/* Begin PBXCopyFilesBuildPhase section */
		4C5BF32D1C84DE90000EE0E1 /* Embed Frameworks */ = {
			isa = PBXCopyFilesBuildPhase;
			buildActionMask = 2147483647;
			dstPath = "";
			dstSubfolderSpec = 10;
			files = (
				4C5BF32C1C84DE90000EE0E1 /* Mapbox.framework in Embed Frameworks */,
			);
			name = "Embed Frameworks";
			runOnlyForDeploymentPostprocessing = 0;
		};
/* End PBXCopyFilesBuildPhase section */

/* Begin PBXFileReference section */
		4C5BF3151C84DDF5000EE0E1 /* OSM2VectorTiles.app */ = {isa = PBXFileReference; explicitFileType = wrapper.application; includeInIndex = 0; path = OSM2VectorTiles.app; sourceTree = BUILT_PRODUCTS_DIR; };
		4C5BF3181C84DDF5000EE0E1 /* AppDelegate.swift */ = {isa = PBXFileReference; lastKnownFileType = sourcecode.swift; path = AppDelegate.swift; sourceTree = "<group>"; };
		4C5BF31A1C84DDF5000EE0E1 /* ViewController.swift */ = {isa = PBXFileReference; lastKnownFileType = sourcecode.swift; path = ViewController.swift; sourceTree = "<group>"; };
		4C5BF31D1C84DDF5000EE0E1 /* Base */ = {isa = PBXFileReference; lastKnownFileType = file.storyboard; name = Base; path = Base.lproj/Main.storyboard; sourceTree = "<group>"; };
		4C5BF31F1C84DDF5000EE0E1 /* Assets.xcassets */ = {isa = PBXFileReference; lastKnownFileType = folder.assetcatalog; path = Assets.xcassets; sourceTree = "<group>"; };
		4C5BF3221C84DDF5000EE0E1 /* Base */ = {isa = PBXFileReference; lastKnownFileType = file.storyboard; name = Base; path = Base.lproj/LaunchScreen.storyboard; sourceTree = "<group>"; };
		4C5BF3241C84DDF5000EE0E1 /* Info.plist */ = {isa = PBXFileReference; lastKnownFileType = text.plist.xml; path = Info.plist; sourceTree = "<group>"; };
		4C5BF32A1C84DE90000EE0E1 /* Mapbox.framework */ = {isa = PBXFileReference; lastKnownFileType = wrapper.framework; path = Mapbox.framework; sourceTree = "<group>"; };
		4C5BF32E1C84DEF2000EE0E1 /* bright-v8-local.json */ = {isa = PBXFileReference; fileEncoding = 4; lastKnownFileType = text.json; path = "bright-v8-local.json"; sourceTree = "<group>"; };
		4C5BF3301C84DF01000EE0E1 /* osm2vectortiles-header.jpg */ = {isa = PBXFileReference; lastKnownFileType = image.jpeg; path = "osm2vectortiles-header.jpg"; sourceTree = "<group>"; };
		D71B67971C9C827300C6AA6A /* glyphs */ = {isa = PBXFileReference; lastKnownFileType = folder; path = glyphs; sourceTree = "<group>"; };
		D71B67981C9C827300C6AA6A /* sprites */ = {isa = PBXFileReference; lastKnownFileType = folder; path = sprites; sourceTree = "<group>"; };
		D71B67991C9C827300C6AA6A /* v1.json */ = {isa = PBXFileReference; fileEncoding = 4; lastKnownFileType = text.json; path = v1.json; sourceTree = "<group>"; };
		D71B67A41CA0946700C6AA6A /* geography-class.mbtiles */ = {isa = PBXFileReference; lastKnownFileType = file; path = "geography-class.mbtiles"; sourceTree = "<group>"; };
		D71B67A51CA094EC00C6AA6A /* geography-class */ = {isa = PBXFileReference; lastKnownFileType = folder; path = "geography-class"; sourceTree = "<group>"; };
		D71B67A71CA0979600C6AA6A /* geography-class-local.json */ = {isa = PBXFileReference; fileEncoding = 4; lastKnownFileType = text.json; path = "geography-class-local.json"; sourceTree = "<group>"; };
/* End PBXFileReference section */

/* Begin PBXFrameworksBuildPhase section */
		4C5BF3121C84DDF5000EE0E1 /* Frameworks */ = {
			isa = PBXFrameworksBuildPhase;
			buildActionMask = 2147483647;
			files = (
				4C5BF32B1C84DE90000EE0E1 /* Mapbox.framework in Frameworks */,
			);
			runOnlyForDeploymentPostprocessing = 0;
		};
/* End PBXFrameworksBuildPhase section */

/* Begin PBXGroup section */
		4C5BF30C1C84DDF5000EE0E1 = {
			isa = PBXGroup;
			children = (
				4C5BF32A1C84DE90000EE0E1 /* Mapbox.framework */,
				4C5BF3171C84DDF5000EE0E1 /* OSM2VectorTiles */,
				4C5BF3161C84DDF5000EE0E1 /* Products */,
			);
			sourceTree = "<group>";
		};
		4C5BF3161C84DDF5000EE0E1 /* Products */ = {
			isa = PBXGroup;
			children = (
				4C5BF3151C84DDF5000EE0E1 /* OSM2VectorTiles.app */,
			);
			name = Products;
			sourceTree = "<group>";
		};
		4C5BF3171C84DDF5000EE0E1 /* OSM2VectorTiles */ = {
			isa = PBXGroup;
			children = (
				D71B67A11CA08A0A00C6AA6A /* Resources */,
				D71B67991C9C827300C6AA6A /* v1.json */,
				4C5BF32E1C84DEF2000EE0E1 /* bright-v8-local.json */,
				D71B67A71CA0979600C6AA6A /* geography-class-local.json */,
				4C5BF3301C84DF01000EE0E1 /* osm2vectortiles-header.jpg */,
				4C5BF3181C84DDF5000EE0E1 /* AppDelegate.swift */,
				4C5BF31A1C84DDF5000EE0E1 /* ViewController.swift */,
				4C5BF31C1C84DDF5000EE0E1 /* Main.storyboard */,
				4C5BF31F1C84DDF5000EE0E1 /* Assets.xcassets */,
				4C5BF3211C84DDF5000EE0E1 /* LaunchScreen.storyboard */,
				4C5BF3241C84DDF5000EE0E1 /* Info.plist */,
			);
			path = OSM2VectorTiles;
			sourceTree = "<group>";
		};
		D71B67A11CA08A0A00C6AA6A /* Resources */ = {
			isa = PBXGroup;
			children = (
				D71B67A51CA094EC00C6AA6A /* geography-class */,
				D71B67A41CA0946700C6AA6A /* geography-class.mbtiles */,
				D71B67981C9C827300C6AA6A /* sprites */,
				D71B67971C9C827300C6AA6A /* glyphs */,
			);
			name = Resources;
			sourceTree = "<group>";
		};
/* End PBXGroup section */

/* Begin PBXNativeTarget section */
		4C5BF3141C84DDF5000EE0E1 /* OSM2VectorTiles */ = {
			isa = PBXNativeTarget;
			buildConfigurationList = 4C5BF3271C84DDF5000EE0E1 /* Build configuration list for PBXNativeTarget "OSM2VectorTiles" */;
			buildPhases = (
				4C5BF3111C84DDF5000EE0E1 /* Sources */,
				4C5BF3121C84DDF5000EE0E1 /* Frameworks */,
				4C5BF3131C84DDF5000EE0E1 /* Resources */,
				4C5BF32D1C84DE90000EE0E1 /* Embed Frameworks */,
			);
			buildRules = (
			);
			dependencies = (
			);
			name = OSM2VectorTiles;
			productName = OSM2VectorTiles;
			productReference = 4C5BF3151C84DDF5000EE0E1 /* OSM2VectorTiles.app */;
			productType = "com.apple.product-type.application";
		};
/* End PBXNativeTarget section */

/* Begin PBXProject section */
		4C5BF30D1C84DDF5000EE0E1 /* Project object */ = {
			isa = PBXProject;
			attributes = {
				LastSwiftUpdateCheck = 0720;
				LastUpgradeCheck = 0720;
				ORGANIZATIONNAME = "Klokan Technologies GmbH";
				TargetAttributes = {
					4C5BF3141C84DDF5000EE0E1 = {
						CreatedOnToolsVersion = 7.2.1;
					};
				};
			};
			buildConfigurationList = 4C5BF3101C84DDF5000EE0E1 /* Build configuration list for PBXProject "OSM2VectorTiles" */;
			compatibilityVersion = "Xcode 3.2";
			developmentRegion = English;
			hasScannedForEncodings = 0;
			knownRegions = (
				en,
				Base,
			);
			mainGroup = 4C5BF30C1C84DDF5000EE0E1;
			productRefGroup = 4C5BF3161C84DDF5000EE0E1 /* Products */;
			projectDirPath = "";
			projectRoot = "";
			targets = (
				4C5BF3141C84DDF5000EE0E1 /* OSM2VectorTiles */,
			);
		};
/* End PBXProject section */

/* Begin PBXResourcesBuildPhase section */
		4C5BF3131C84DDF5000EE0E1 /* Resources */ = {
			isa = PBXResourcesBuildPhase;
			buildActionMask = 2147483647;
			files = (
				4C5BF3311C84DF01000EE0E1 /* osm2vectortiles-header.jpg in Resources */,
				4C5BF3231C84DDF5000EE0E1 /* LaunchScreen.storyboard in Resources */,
				4C5BF3201C84DDF5000EE0E1 /* Assets.xcassets in Resources */,
				D71B67A61CA094EC00C6AA6A /* geography-class in Resources */,
				4C5BF31E1C84DDF5000EE0E1 /* Main.storyboard in Resources */,
				D71B679B1C9C827300C6AA6A /* sprites in Resources */,
				4C5BF32F1C84DEF2000EE0E1 /* bright-v8-local.json in Resources */,
				D71B67A81CA0979600C6AA6A /* geography-class-local.json in Resources */,
				D71B679C1C9C827300C6AA6A /* v1.json in Resources */,
				D71B679A1C9C827300C6AA6A /* glyphs in Resources */,
			);
			runOnlyForDeploymentPostprocessing = 0;
		};
/* End PBXResourcesBuildPhase section */

/* Begin PBXSourcesBuildPhase section */
		4C5BF3111C84DDF5000EE0E1 /* Sources */ = {
			isa = PBXSourcesBuildPhase;
			buildActionMask = 2147483647;
			files = (
				4C5BF31B1C84DDF5000EE0E1 /* ViewController.swift in Sources */,
				4C5BF3191C84DDF5000EE0E1 /* AppDelegate.swift in Sources */,
			);
			runOnlyForDeploymentPostprocessing = 0;
		};
/* End PBXSourcesBuildPhase section */

/* Begin PBXVariantGroup section */
		4C5BF31C1C84DDF5000EE0E1 /* Main.storyboard */ = {
			isa = PBXVariantGroup;
			children = (
				4C5BF31D1C84DDF5000EE0E1 /* Base */,
			);
			name = Main.storyboard;
			sourceTree = "<group>";
		};
		4C5BF3211C84DDF5000EE0E1 /* LaunchScreen.storyboard */ = {
			isa = PBXVariantGroup;
			children = (
				4C5BF3221C84DDF5000EE0E1 /* Base */,
			);
			name = LaunchScreen.storyboard;
			sourceTree = "<group>";
		};
/* End PBXVariantGroup section */

/* Begin XCBuildConfiguration section */
		4C5BF3251C84DDF5000EE0E1 /* Debug */ = {
			isa = XCBuildConfiguration;
			buildSettings = {
				ALWAYS_SEARCH_USER_PATHS = NO;
				CLANG_CXX_LANGUAGE_STANDARD = "gnu++0x";
				CLANG_CXX_LIBRARY = "libc++";
				CLANG_ENABLE_MODULES = YES;
				CLANG_ENABLE_OBJC_ARC = YES;
				CLANG_WARN_BOOL_CONVERSION = YES;
				CLANG_WARN_CONSTANT_CONVERSION = YES;
				CLANG_WARN_DIRECT_OBJC_ISA_USAGE = YES_ERROR;
				CLANG_WARN_EMPTY_BODY = YES;
				CLANG_WARN_ENUM_CONVERSION = YES;
				CLANG_WARN_INT_CONVERSION = YES;
				CLANG_WARN_OBJC_ROOT_CLASS = YES_ERROR;
				CLANG_WARN_UNREACHABLE_CODE = YES;
				CLANG_WARN__DUPLICATE_METHOD_MATCH = YES;
				"CODE_SIGN_IDENTITY[sdk=iphoneos*]" = "iPhone Developer";
				COPY_PHASE_STRIP = NO;
				DEBUG_INFORMATION_FORMAT = dwarf;
				ENABLE_STRICT_OBJC_MSGSEND = YES;
				ENABLE_TESTABILITY = YES;
				GCC_C_LANGUAGE_STANDARD = gnu99;
				GCC_DYNAMIC_NO_PIC = NO;
				GCC_NO_COMMON_BLOCKS = YES;
				GCC_OPTIMIZATION_LEVEL = 0;
				GCC_PREPROCESSOR_DEFINITIONS = (
					"DEBUG=1",
					"$(inherited)",
				);
				GCC_WARN_64_TO_32_BIT_CONVERSION = YES;
				GCC_WARN_ABOUT_RETURN_TYPE = YES_ERROR;
				GCC_WARN_UNDECLARED_SELECTOR = YES;
				GCC_WARN_UNINITIALIZED_AUTOS = YES_AGGRESSIVE;
				GCC_WARN_UNUSED_FUNCTION = YES;
				GCC_WARN_UNUSED_VARIABLE = YES;
				IPHONEOS_DEPLOYMENT_TARGET = 9.2;
				MTL_ENABLE_DEBUG_INFO = YES;
				ONLY_ACTIVE_ARCH = YES;
				SDKROOT = iphoneos;
				SWIFT_OPTIMIZATION_LEVEL = "-Onone";
				TARGETED_DEVICE_FAMILY = "1,2";
			};
			name = Debug;
		};
		4C5BF3261C84DDF5000EE0E1 /* Release */ = {
			isa = XCBuildConfiguration;
			buildSettings = {
				ALWAYS_SEARCH_USER_PATHS = NO;
				CLANG_CXX_LANGUAGE_STANDARD = "gnu++0x";
				CLANG_CXX_LIBRARY = "libc++";
				CLANG_ENABLE_MODULES = YES;
				CLANG_ENABLE_OBJC_ARC = YES;
				CLANG_WARN_BOOL_CONVERSION = YES;
				CLANG_WARN_CONSTANT_CONVERSION = YES;
				CLANG_WARN_DIRECT_OBJC_ISA_USAGE = YES_ERROR;
				CLANG_WARN_EMPTY_BODY = YES;
				CLANG_WARN_ENUM_CONVERSION = YES;
				CLANG_WARN_INT_CONVERSION = YES;
				CLANG_WARN_OBJC_ROOT_CLASS = YES_ERROR;
				CLANG_WARN_UNREACHABLE_CODE = YES;
				CLANG_WARN__DUPLICATE_METHOD_MATCH = YES;
				"CODE_SIGN_IDENTITY[sdk=iphoneos*]" = "iPhone Developer";
				COPY_PHASE_STRIP = NO;
				DEBUG_INFORMATION_FORMAT = "dwarf-with-dsym";
				ENABLE_NS_ASSERTIONS = NO;
				ENABLE_STRICT_OBJC_MSGSEND = YES;
				GCC_C_LANGUAGE_STANDARD = gnu99;
				GCC_NO_COMMON_BLOCKS = YES;
				GCC_WARN_64_TO_32_BIT_CONVERSION = YES;
				GCC_WARN_ABOUT_RETURN_TYPE = YES_ERROR;
				GCC_WARN_UNDECLARED_SELECTOR = YES;
				GCC_WARN_UNINITIALIZED_AUTOS = YES_AGGRESSIVE;
				GCC_WARN_UNUSED_FUNCTION = YES;
				GCC_WARN_UNUSED_VARIABLE = YES;
				IPHONEOS_DEPLOYMENT_TARGET = 9.2;
				MTL_ENABLE_DEBUG_INFO = NO;
				SDKROOT = iphoneos;
				TARGETED_DEVICE_FAMILY = "1,2";
				VALIDATE_PRODUCT = YES;
			};
			name = Release;
		};
		4C5BF3281C84DDF5000EE0E1 /* Debug */ = {
			isa = XCBuildConfiguration;
			buildSettings = {
				ASSETCATALOG_COMPILER_APPICON_NAME = AppIcon;
				FRAMEWORK_SEARCH_PATHS = (
					"$(inherited)",
					"$(PROJECT_DIR)",
				);
				INFOPLIST_FILE = OSM2VectorTiles/Info.plist;
				LD_RUNPATH_SEARCH_PATHS = "$(inherited) @executable_path/Frameworks";
				PRODUCT_BUNDLE_IDENTIFIER = com.klokantech.OSM2VectorTiles;
				PRODUCT_NAME = "$(TARGET_NAME)";
			};
			name = Debug;
		};
		4C5BF3291C84DDF5000EE0E1 /* Release */ = {
			isa = XCBuildConfiguration;
			buildSettings = {
				ASSETCATALOG_COMPILER_APPICON_NAME = AppIcon;
				FRAMEWORK_SEARCH_PATHS = (
					"$(inherited)",
					"$(PROJECT_DIR)",
				);
				INFOPLIST_FILE = OSM2VectorTiles/Info.plist;
				LD_RUNPATH_SEARCH_PATHS = "$(inherited) @executable_path/Frameworks";
				PRODUCT_BUNDLE_IDENTIFIER = com.klokantech.OSM2VectorTiles;
				PRODUCT_NAME = "$(TARGET_NAME)";
			};
			name = Release;
		};
/* End XCBuildConfiguration section */

/* Begin XCConfigurationList section */
		4C5BF3101C84DDF5000EE0E1 /* Build configuration list for PBXProject "OSM2VectorTiles" */ = {
			isa = XCConfigurationList;
			buildConfigurations = (
				4C5BF3251C84DDF5000EE0E1 /* Debug */,
				4C5BF3261C84DDF5000EE0E1 /* Release */,
			);
			defaultConfigurationIsVisible = 0;
			defaultConfigurationName = Release;
		};
		4C5BF3271C84DDF5000EE0E1 /* Build configuration list for PBXNativeTarget "OSM2VectorTiles" */ = {
			isa = XCConfigurationList;
			buildConfigurations = (
				4C5BF3281C84DDF5000EE0E1 /* Debug */,
				4C5BF3291C84DDF5000EE0E1 /* Release */,
			);
			defaultConfigurationIsVisible = 0;
			defaultConfigurationName = Release;
		};
/* End XCConfigurationList section */
	};
	rootObject = 4C5BF30D1C84DDF5000EE0E1 /* Project object */;
}
