// !$*UTF8*$!
{
	archiveVersion = 1;
	classes = {
	};
	objectVersion = 52;
	objects = {

/* Begin PBXBuildFile section */
		4C5BF3201C84DDF5000EE0E1 /* Assets.xcassets in Resources */ = {isa = PBXBuildFile; fileRef = 4C5BF31F1C84DDF5000EE0E1 /* Assets.xcassets */; };
		4C5BF3231C84DDF5000EE0E1 /* LaunchScreen.storyboard in Resources */ = {isa = PBXBuildFile; fileRef = 4C5BF3211C84DDF5000EE0E1 /* LaunchScreen.storyboard */; };
		D717E7E525C63711004C4F31 /* ContentView.swift in Sources */ = {isa = PBXBuildFile; fileRef = D717E7E125C63711004C4F31 /* ContentView.swift */; };
		D717E7E625C63711004C4F31 /* SceneDelegate.swift in Sources */ = {isa = PBXBuildFile; fileRef = D717E7E225C63711004C4F31 /* SceneDelegate.swift */; };
		D717E7E725C63711004C4F31 /* MapboxView.swift in Sources */ = {isa = PBXBuildFile; fileRef = D717E7E325C63711004C4F31 /* MapboxView.swift */; };
		D717E7E825C63711004C4F31 /* AppDelegate.swift in Sources */ = {isa = PBXBuildFile; fileRef = D717E7E425C63711004C4F31 /* AppDelegate.swift */; };
		D71B679A1C9C827300C6AA6A /* glyphs in Resources */ = {isa = PBXBuildFile; fileRef = D71B67971C9C827300C6AA6A /* glyphs */; };
		D71B679B1C9C827300C6AA6A /* sprites in Resources */ = {isa = PBXBuildFile; fileRef = D71B67981C9C827300C6AA6A /* sprites */; };
		D7471290270B5523009220D6 /* String+mapboxCacheDBPath.swift in Sources */ = {isa = PBXBuildFile; fileRef = D747128F270B5523009220D6 /* String+mapboxCacheDBPath.swift */; };
		D7AAD8CF2395EB1D002BA6A3 /* OSM2VectorTilesUITests.swift in Sources */ = {isa = PBXBuildFile; fileRef = D7AAD8CE2395EB1D002BA6A3 /* OSM2VectorTilesUITests.swift */; };
		D7B3381E27A7373000092598 /* Mapbox in Frameworks */ = {isa = PBXBuildFile; productRef = D7B3381D27A7373000092598 /* Mapbox */; };
		D7CB6B25267BB135007E9F1B /* MapView OSLog Extensions in Frameworks */ = {isa = PBXBuildFile; productRef = D7CB6B24267BB135007E9F1B /* MapView OSLog Extensions */; };
		FD137E021E08E259005C1849 /* styles in Resources */ = {isa = PBXBuildFile; fileRef = FD137E011E08E259005C1849 /* styles */; };
		FD137E041E08E67E005C1849 /* geography-class.osm2vectortiles in Resources */ = {isa = PBXBuildFile; fileRef = FD137E031E08E67E005C1849 /* geography-class.osm2vectortiles */; };
/* End PBXBuildFile section */

/* Begin PBXContainerItemProxy section */
		D7AAD8D12395EB1D002BA6A3 /* PBXContainerItemProxy */ = {
			isa = PBXContainerItemProxy;
			containerPortal = 4C5BF30D1C84DDF5000EE0E1 /* Project object */;
			proxyType = 1;
			remoteGlobalIDString = 4C5BF3141C84DDF5000EE0E1;
			remoteInfo = OSM2VectorTiles;
		};
/* End PBXContainerItemProxy section */

/* Begin PBXCopyFilesBuildPhase section */
		4C5BF32D1C84DE90000EE0E1 /* Embed Frameworks */ = {
			isa = PBXCopyFilesBuildPhase;
			buildActionMask = 2147483647;
			dstPath = "";
			dstSubfolderSpec = 10;
			files = (
			);
			name = "Embed Frameworks";
			runOnlyForDeploymentPostprocessing = 0;
		};
/* End PBXCopyFilesBuildPhase section */

/* Begin PBXFileReference section */
		4C5BF3151C84DDF5000EE0E1 /* GeographyClass.app */ = {isa = PBXFileReference; explicitFileType = wrapper.application; includeInIndex = 0; path = GeographyClass.app; sourceTree = BUILT_PRODUCTS_DIR; };
		4C5BF31F1C84DDF5000EE0E1 /* Assets.xcassets */ = {isa = PBXFileReference; lastKnownFileType = folder.assetcatalog; path = Assets.xcassets; sourceTree = "<group>"; };
		4C5BF3221C84DDF5000EE0E1 /* Base */ = {isa = PBXFileReference; lastKnownFileType = file.storyboard; name = Base; path = Base.lproj/LaunchScreen.storyboard; sourceTree = "<group>"; };
		4C5BF3241C84DDF5000EE0E1 /* Info.plist */ = {isa = PBXFileReference; lastKnownFileType = text.plist.xml; path = Info.plist; sourceTree = "<group>"; };
		D717E7E125C63711004C4F31 /* ContentView.swift */ = {isa = PBXFileReference; fileEncoding = 4; lastKnownFileType = sourcecode.swift; path = ContentView.swift; sourceTree = "<group>"; };
		D717E7E225C63711004C4F31 /* SceneDelegate.swift */ = {isa = PBXFileReference; fileEncoding = 4; lastKnownFileType = sourcecode.swift; path = SceneDelegate.swift; sourceTree = "<group>"; };
		D717E7E325C63711004C4F31 /* MapboxView.swift */ = {isa = PBXFileReference; fileEncoding = 4; lastKnownFileType = sourcecode.swift; path = MapboxView.swift; sourceTree = "<group>"; };
		D717E7E425C63711004C4F31 /* AppDelegate.swift */ = {isa = PBXFileReference; fileEncoding = 4; lastKnownFileType = sourcecode.swift; path = AppDelegate.swift; sourceTree = "<group>"; };
		D71B67971C9C827300C6AA6A /* glyphs */ = {isa = PBXFileReference; lastKnownFileType = folder; path = glyphs; sourceTree = "<group>"; };
		D71B67981C9C827300C6AA6A /* sprites */ = {isa = PBXFileReference; lastKnownFileType = folder; path = sprites; sourceTree = "<group>"; };
		D71B67A41CA0946700C6AA6A /* geography-class.mbtiles */ = {isa = PBXFileReference; lastKnownFileType = file; path = "geography-class.mbtiles"; sourceTree = "<group>"; };
		D747128F270B5523009220D6 /* String+mapboxCacheDBPath.swift */ = {isa = PBXFileReference; lastKnownFileType = sourcecode.swift; path = "String+mapboxCacheDBPath.swift"; sourceTree = "<group>"; };
		D7AAD8CC2395EB1D002BA6A3 /* OSM2VectorTilesUITests.xctest */ = {isa = PBXFileReference; explicitFileType = wrapper.cfbundle; includeInIndex = 0; path = OSM2VectorTilesUITests.xctest; sourceTree = BUILT_PRODUCTS_DIR; };
		D7AAD8CE2395EB1D002BA6A3 /* OSM2VectorTilesUITests.swift */ = {isa = PBXFileReference; lastKnownFileType = sourcecode.swift; path = OSM2VectorTilesUITests.swift; sourceTree = "<group>"; };
		D7AAD8D02395EB1D002BA6A3 /* Info.plist */ = {isa = PBXFileReference; lastKnownFileType = text.plist.xml; path = Info.plist; sourceTree = "<group>"; };
		D7B3381827A71EC800092598 /* ci_post_xcodebuild.sh */ = {isa = PBXFileReference; lastKnownFileType = text.script.sh; path = ci_post_xcodebuild.sh; sourceTree = "<group>"; };
		D7B3381927A71EC800092598 /* ci_pre_xcodebuild.sh */ = {isa = PBXFileReference; lastKnownFileType = text.script.sh; path = ci_pre_xcodebuild.sh; sourceTree = "<group>"; };
		D7B3381A27A71EC800092598 /* ci_post_clone.sh */ = {isa = PBXFileReference; lastKnownFileType = text.script.sh; path = ci_post_clone.sh; sourceTree = "<group>"; };
		D7B3381B27A72DBD00092598 /* XCS_environment.sh */ = {isa = PBXFileReference; lastKnownFileType = text.script.sh; path = XCS_environment.sh; sourceTree = "<group>"; };
		D7CC50CD2486E0610001AA89 /* Mapbox.framework */ = {isa = PBXFileReference; lastKnownFileType = wrapper.framework; name = Mapbox.framework; path = Carthage/Build/iOS/Mapbox.framework; sourceTree = "<group>"; };
		D7FD07362486E5F000738B0A /* OSM2VectorTiles.xctestplan */ = {isa = PBXFileReference; lastKnownFileType = text; path = OSM2VectorTiles.xctestplan; sourceTree = "<group>"; };
		FD137E011E08E259005C1849 /* styles */ = {isa = PBXFileReference; lastKnownFileType = folder; path = styles; sourceTree = "<group>"; };
		FD137E031E08E67E005C1849 /* geography-class.osm2vectortiles */ = {isa = PBXFileReference; lastKnownFileType = folder; path = "geography-class.osm2vectortiles"; sourceTree = "<group>"; };
		FD184C7E1E3FBAEE007CC408 /* readme.md */ = {isa = PBXFileReference; fileEncoding = 4; lastKnownFileType = net.daringfireball.markdown; path = readme.md; sourceTree = "<group>"; };
/* End PBXFileReference section */

/* Begin PBXFrameworksBuildPhase section */
		4C5BF3121C84DDF5000EE0E1 /* Frameworks */ = {
			isa = PBXFrameworksBuildPhase;
			buildActionMask = 2147483647;
			files = (
				D7CB6B25267BB135007E9F1B /* MapView OSLog Extensions in Frameworks */,
				D7B3381E27A7373000092598 /* Mapbox in Frameworks */,
			);
			runOnlyForDeploymentPostprocessing = 0;
		};
		D7AAD8C92395EB1D002BA6A3 /* Frameworks */ = {
			isa = PBXFrameworksBuildPhase;
			buildActionMask = 2147483647;
			files = (
			);
			runOnlyForDeploymentPostprocessing = 0;
		};
/* End PBXFrameworksBuildPhase section */

/* Begin PBXGroup section */
		2E6C96FF13619EF1C4AFECF5 /* Frameworks */ = {
			isa = PBXGroup;
			children = (
				D7CC50CD2486E0610001AA89 /* Mapbox.framework */,
			);
			name = Frameworks;
			sourceTree = "<group>";
		};
		4C5BF30C1C84DDF5000EE0E1 = {
			isa = PBXGroup;
			children = (
				FD184C7E1E3FBAEE007CC408 /* readme.md */,
				D7B3381727A71EC800092598 /* ci_scripts */,
				D71B67A11CA08A0A00C6AA6A /* Resources */,
				4C5BF3171C84DDF5000EE0E1 /* OSM2VectorTiles */,
				D7AAD8CD2395EB1D002BA6A3 /* OSM2VectorTilesUITests */,
				4C5BF3161C84DDF5000EE0E1 /* Products */,
				2E6C96FF13619EF1C4AFECF5 /* Frameworks */,
			);
			sourceTree = "<group>";
		};
		4C5BF3161C84DDF5000EE0E1 /* Products */ = {
			isa = PBXGroup;
			children = (
				4C5BF3151C84DDF5000EE0E1 /* GeographyClass.app */,
				D7AAD8CC2395EB1D002BA6A3 /* OSM2VectorTilesUITests.xctest */,
			);
			name = Products;
			sourceTree = "<group>";
		};
		4C5BF3171C84DDF5000EE0E1 /* OSM2VectorTiles */ = {
			isa = PBXGroup;
			children = (
				D747128F270B5523009220D6 /* String+mapboxCacheDBPath.swift */,
				D717E7E425C63711004C4F31 /* AppDelegate.swift */,
				D717E7E125C63711004C4F31 /* ContentView.swift */,
				D717E7E325C63711004C4F31 /* MapboxView.swift */,
				D717E7E225C63711004C4F31 /* SceneDelegate.swift */,
				4C5BF31F1C84DDF5000EE0E1 /* Assets.xcassets */,
				4C5BF3241C84DDF5000EE0E1 /* Info.plist */,
				4C5BF3211C84DDF5000EE0E1 /* LaunchScreen.storyboard */,
			);
			path = OSM2VectorTiles;
			sourceTree = "<group>";
		};
		D71B67A11CA08A0A00C6AA6A /* Resources */ = {
			isa = PBXGroup;
			children = (
				FD137E031E08E67E005C1849 /* geography-class.osm2vectortiles */,
				D71B67A41CA0946700C6AA6A /* geography-class.mbtiles */,
				FD137E011E08E259005C1849 /* styles */,
				D71B67981C9C827300C6AA6A /* sprites */,
				D71B67971C9C827300C6AA6A /* glyphs */,
			);
			name = Resources;
			path = OSM2VectorTiles;
			sourceTree = "<group>";
		};
		D7AAD8CD2395EB1D002BA6A3 /* OSM2VectorTilesUITests */ = {
			isa = PBXGroup;
			children = (
				D7FD07362486E5F000738B0A /* OSM2VectorTiles.xctestplan */,
				D7AAD8CE2395EB1D002BA6A3 /* OSM2VectorTilesUITests.swift */,
				D7AAD8D02395EB1D002BA6A3 /* Info.plist */,
			);
			path = OSM2VectorTilesUITests;
			sourceTree = "<group>";
		};
		D7B3381727A71EC800092598 /* ci_scripts */ = {
			isa = PBXGroup;
			children = (
				D7B3381A27A71EC800092598 /* ci_post_clone.sh */,
				D7B3381927A71EC800092598 /* ci_pre_xcodebuild.sh */,
				D7B3381827A71EC800092598 /* ci_post_xcodebuild.sh */,
				D7B3381B27A72DBD00092598 /* XCS_environment.sh */,
			);
			path = ci_scripts;
			sourceTree = "<group>";
		};
/* End PBXGroup section */

/* Begin PBXNativeTarget section */
		4C5BF3141C84DDF5000EE0E1 /* GeographyClass */ = {
			isa = PBXNativeTarget;
			buildConfigurationList = 4C5BF3271C84DDF5000EE0E1 /* Build configuration list for PBXNativeTarget "GeographyClass" */;
			buildPhases = (
				4C5BF3111C84DDF5000EE0E1 /* Sources */,
				4C5BF3121C84DDF5000EE0E1 /* Frameworks */,
				4C5BF3131C84DDF5000EE0E1 /* Resources */,
				4C5BF32D1C84DE90000EE0E1 /* Embed Frameworks */,
			);
			buildRules = (
			);
			dependencies = (
			);
			name = GeographyClass;
			packageProductDependencies = (
				D7CB6B24267BB135007E9F1B /* MapView OSLog Extensions */,
				D7B3381D27A7373000092598 /* Mapbox */,
			);
			productName = OSM2VectorTiles;
			productReference = 4C5BF3151C84DDF5000EE0E1 /* GeographyClass.app */;
			productType = "com.apple.product-type.application";
		};
		D7AAD8CB2395EB1D002BA6A3 /* OSM2VectorTilesUITests */ = {
			isa = PBXNativeTarget;
			buildConfigurationList = D7AAD8D52395EB1D002BA6A3 /* Build configuration list for PBXNativeTarget "OSM2VectorTilesUITests" */;
			buildPhases = (
				D7AAD8C82395EB1D002BA6A3 /* Sources */,
				D7AAD8C92395EB1D002BA6A3 /* Frameworks */,
				D7AAD8CA2395EB1D002BA6A3 /* Resources */,
			);
			buildRules = (
			);
			dependencies = (
				D7AAD8D22395EB1D002BA6A3 /* PBXTargetDependency */,
			);
			name = OSM2VectorTilesUITests;
			productName = OSM2VectorTilesUITests;
			productReference = D7AAD8CC2395EB1D002BA6A3 /* OSM2VectorTilesUITests.xctest */;
			productType = "com.apple.product-type.bundle.ui-testing";
		};
/* End PBXNativeTarget section */

/* Begin PBXProject section */
		4C5BF30D1C84DDF5000EE0E1 /* Project object */ = {
			isa = PBXProject;
			attributes = {
				LastSwiftUpdateCheck = 1120;
				LastUpgradeCheck = 1240;
				ORGANIZATIONNAME = "Klokan Technologies GmbH";
				TargetAttributes = {
					4C5BF3141C84DDF5000EE0E1 = {
						CreatedOnToolsVersion = 7.2.1;
						DevelopmentTeam = J7V35W7ES8;
						LastSwiftMigration = 1240;
					};
					D7AAD8CB2395EB1D002BA6A3 = {
						CreatedOnToolsVersion = 11.2.1;
						DevelopmentTeam = J7V35W7ES8;
						ProvisioningStyle = Automatic;
						TestTargetID = 4C5BF3141C84DDF5000EE0E1;
					};
				};
			};
			buildConfigurationList = 4C5BF3101C84DDF5000EE0E1 /* Build configuration list for PBXProject "openmaptiles-ios-demo" */;
			compatibilityVersion = "Xcode 3.2";
			developmentRegion = en;
			hasScannedForEncodings = 0;
			knownRegions = (
				en,
				Base,
			);
			mainGroup = 4C5BF30C1C84DDF5000EE0E1;
			packageReferences = (
				D7CB6B23267BB135007E9F1B /* XCRemoteSwiftPackageReference "mapview-log-extensions" */,
				D7B3381C27A7373000092598 /* XCRemoteSwiftPackageReference "maplibre-gl-native-distribution" */,
			);
			productRefGroup = 4C5BF3161C84DDF5000EE0E1 /* Products */;
			projectDirPath = "";
			projectRoot = "";
			targets = (
				4C5BF3141C84DDF5000EE0E1 /* GeographyClass */,
				D7AAD8CB2395EB1D002BA6A3 /* OSM2VectorTilesUITests */,
			);
		};
/* End PBXProject section */

/* Begin PBXResourcesBuildPhase section */
		4C5BF3131C84DDF5000EE0E1 /* Resources */ = {
			isa = PBXResourcesBuildPhase;
			buildActionMask = 2147483647;
			files = (
				4C5BF3231C84DDF5000EE0E1 /* LaunchScreen.storyboard in Resources */,
				FD137E041E08E67E005C1849 /* geography-class.osm2vectortiles in Resources */,
				4C5BF3201C84DDF5000EE0E1 /* Assets.xcassets in Resources */,
				FD137E021E08E259005C1849 /* styles in Resources */,
				D71B679B1C9C827300C6AA6A /* sprites in Resources */,
				D71B679A1C9C827300C6AA6A /* glyphs in Resources */,
			);
			runOnlyForDeploymentPostprocessing = 0;
		};
		D7AAD8CA2395EB1D002BA6A3 /* Resources */ = {
			isa = PBXResourcesBuildPhase;
			buildActionMask = 2147483647;
			files = (
			);
			runOnlyForDeploymentPostprocessing = 0;
		};
/* End PBXResourcesBuildPhase section */

/* Begin PBXSourcesBuildPhase section */
		4C5BF3111C84DDF5000EE0E1 /* Sources */ = {
			isa = PBXSourcesBuildPhase;
			buildActionMask = 2147483647;
			files = (
				D7471290270B5523009220D6 /* String+mapboxCacheDBPath.swift in Sources */,
				D717E7E825C63711004C4F31 /* AppDelegate.swift in Sources */,
				D717E7E525C63711004C4F31 /* ContentView.swift in Sources */,
				D717E7E725C63711004C4F31 /* MapboxView.swift in Sources */,
				D717E7E625C63711004C4F31 /* SceneDelegate.swift in Sources */,
			);
			runOnlyForDeploymentPostprocessing = 0;
		};
		D7AAD8C82395EB1D002BA6A3 /* Sources */ = {
			isa = PBXSourcesBuildPhase;
			buildActionMask = 2147483647;
			files = (
				D7AAD8CF2395EB1D002BA6A3 /* OSM2VectorTilesUITests.swift in Sources */,
			);
			runOnlyForDeploymentPostprocessing = 0;
		};
/* End PBXSourcesBuildPhase section */

/* Begin PBXTargetDependency section */
		D7AAD8D22395EB1D002BA6A3 /* PBXTargetDependency */ = {
			isa = PBXTargetDependency;
			target = 4C5BF3141C84DDF5000EE0E1 /* GeographyClass */;
			targetProxy = D7AAD8D12395EB1D002BA6A3 /* PBXContainerItemProxy */;
		};
/* End PBXTargetDependency section */

/* Begin PBXVariantGroup section */
		4C5BF3211C84DDF5000EE0E1 /* LaunchScreen.storyboard */ = {
			isa = PBXVariantGroup;
			children = (
				4C5BF3221C84DDF5000EE0E1 /* Base */,
			);
			name = LaunchScreen.storyboard;
			sourceTree = "<group>";
		};
/* End PBXVariantGroup section */

/* Begin XCBuildConfiguration section */
		4C5BF3251C84DDF5000EE0E1 /* Debug */ = {
			isa = XCBuildConfiguration;
			buildSettings = {
				ALWAYS_SEARCH_USER_PATHS = NO;
				CLANG_ANALYZER_LOCALIZABILITY_NONLOCALIZED = YES;
				CLANG_CXX_LANGUAGE_STANDARD = "gnu++0x";
				CLANG_CXX_LIBRARY = "libc++";
				CLANG_ENABLE_MODULES = YES;
				CLANG_ENABLE_OBJC_ARC = YES;
				CLANG_WARN_BLOCK_CAPTURE_AUTORELEASING = YES;
				CLANG_WARN_BOOL_CONVERSION = YES;
				CLANG_WARN_COMMA = YES;
				CLANG_WARN_CONSTANT_CONVERSION = YES;
				CLANG_WARN_DEPRECATED_OBJC_IMPLEMENTATIONS = YES;
				CLANG_WARN_DIRECT_OBJC_ISA_USAGE = YES_ERROR;
				CLANG_WARN_EMPTY_BODY = YES;
				CLANG_WARN_ENUM_CONVERSION = YES;
				CLANG_WARN_INFINITE_RECURSION = YES;
				CLANG_WARN_INT_CONVERSION = YES;
				CLANG_WARN_NON_LITERAL_NULL_CONVERSION = YES;
				CLANG_WARN_OBJC_IMPLICIT_RETAIN_SELF = YES;
				CLANG_WARN_OBJC_LITERAL_CONVERSION = YES;
				CLANG_WARN_OBJC_ROOT_CLASS = YES_ERROR;
				CLANG_WARN_QUOTED_INCLUDE_IN_FRAMEWORK_HEADER = YES;
				CLANG_WARN_RANGE_LOOP_ANALYSIS = YES;
				CLANG_WARN_STRICT_PROTOTYPES = YES;
				CLANG_WARN_SUSPICIOUS_MOVE = YES;
				CLANG_WARN_UNREACHABLE_CODE = YES;
				CLANG_WARN__DUPLICATE_METHOD_MATCH = YES;
				"CODE_SIGN_IDENTITY[sdk=iphoneos*]" = "iPhone Developer";
				COPY_PHASE_STRIP = NO;
				DEBUG_INFORMATION_FORMAT = dwarf;
				ENABLE_STRICT_OBJC_MSGSEND = YES;
				ENABLE_TESTABILITY = YES;
				GCC_C_LANGUAGE_STANDARD = gnu99;
				GCC_DYNAMIC_NO_PIC = NO;
				GCC_NO_COMMON_BLOCKS = YES;
				GCC_OPTIMIZATION_LEVEL = 0;
				GCC_PREPROCESSOR_DEFINITIONS = (
					"DEBUG=1",
					"$(inherited)",
				);
				GCC_WARN_64_TO_32_BIT_CONVERSION = YES;
				GCC_WARN_ABOUT_RETURN_TYPE = YES_ERROR;
				GCC_WARN_UNDECLARED_SELECTOR = YES;
				GCC_WARN_UNINITIALIZED_AUTOS = YES_AGGRESSIVE;
				GCC_WARN_UNUSED_FUNCTION = YES;
				GCC_WARN_UNUSED_VARIABLE = YES;
				IPHONEOS_DEPLOYMENT_TARGET = 12.0;
				MTL_ENABLE_DEBUG_INFO = YES;
				ONLY_ACTIVE_ARCH = YES;
				SDKROOT = iphoneos;
				SWIFT_OPTIMIZATION_LEVEL = "-Onone";
				TARGETED_DEVICE_FAMILY = "1,2";
			};
			name = Debug;
		};
		4C5BF3261C84DDF5000EE0E1 /* Release */ = {
			isa = XCBuildConfiguration;
			buildSettings = {
				ALWAYS_SEARCH_USER_PATHS = NO;
				CLANG_ANALYZER_LOCALIZABILITY_NONLOCALIZED = YES;
				CLANG_CXX_LANGUAGE_STANDARD = "gnu++0x";
				CLANG_CXX_LIBRARY = "libc++";
				CLANG_ENABLE_MODULES = YES;
				CLANG_ENABLE_OBJC_ARC = YES;
				CLANG_WARN_BLOCK_CAPTURE_AUTORELEASING = YES;
				CLANG_WARN_BOOL_CONVERSION = YES;
				CLANG_WARN_COMMA = YES;
				CLANG_WARN_CONSTANT_CONVERSION = YES;
				CLANG_WARN_DEPRECATED_OBJC_IMPLEMENTATIONS = YES;
				CLANG_WARN_DIRECT_OBJC_ISA_USAGE = YES_ERROR;
				CLANG_WARN_EMPTY_BODY = YES;
				CLANG_WARN_ENUM_CONVERSION = YES;
				CLANG_WARN_INFINITE_RECURSION = YES;
				CLANG_WARN_INT_CONVERSION = YES;
				CLANG_WARN_NON_LITERAL_NULL_CONVERSION = YES;
				CLANG_WARN_OBJC_IMPLICIT_RETAIN_SELF = YES;
				CLANG_WARN_OBJC_LITERAL_CONVERSION = YES;
				CLANG_WARN_OBJC_ROOT_CLASS = YES_ERROR;
				CLANG_WARN_QUOTED_INCLUDE_IN_FRAMEWORK_HEADER = YES;
				CLANG_WARN_RANGE_LOOP_ANALYSIS = YES;
				CLANG_WARN_STRICT_PROTOTYPES = YES;
				CLANG_WARN_SUSPICIOUS_MOVE = YES;
				CLANG_WARN_UNREACHABLE_CODE = YES;
				CLANG_WARN__DUPLICATE_METHOD_MATCH = YES;
				"CODE_SIGN_IDENTITY[sdk=iphoneos*]" = "iPhone Developer";
				COPY_PHASE_STRIP = NO;
				DEBUG_INFORMATION_FORMAT = "dwarf-with-dsym";
				ENABLE_NS_ASSERTIONS = NO;
				ENABLE_STRICT_OBJC_MSGSEND = YES;
				GCC_C_LANGUAGE_STANDARD = gnu99;
				GCC_NO_COMMON_BLOCKS = YES;
				GCC_WARN_64_TO_32_BIT_CONVERSION = YES;
				GCC_WARN_ABOUT_RETURN_TYPE = YES_ERROR;
				GCC_WARN_UNDECLARED_SELECTOR = YES;
				GCC_WARN_UNINITIALIZED_AUTOS = YES_AGGRESSIVE;
				GCC_WARN_UNUSED_FUNCTION = YES;
				GCC_WARN_UNUSED_VARIABLE = YES;
				IPHONEOS_DEPLOYMENT_TARGET = 12.0;
				MTL_ENABLE_DEBUG_INFO = NO;
				SDKROOT = iphoneos;
				SWIFT_COMPILATION_MODE = wholemodule;
				SWIFT_OPTIMIZATION_LEVEL = "-O";
				TARGETED_DEVICE_FAMILY = "1,2";
				VALIDATE_PRODUCT = YES;
			};
			name = Release;
		};
		4C5BF3281C84DDF5000EE0E1 /* Debug */ = {
			isa = XCBuildConfiguration;
			buildSettings = {
				ASSETCATALOG_COMPILER_APPICON_NAME = AppIcon;
				CLANG_ENABLE_MODULES = YES;
				CURRENT_PROJECT_VERSION = "2${XCS_INTEGRATION_NUMBER}${CI_BUILD_NUMBER}";
				DEVELOPMENT_TEAM = J7V35W7ES8;
				FRAMEWORK_SEARCH_PATHS = (
					"$(inherited)",
					"$(PROJECT_DIR)",
				);
				INFOPLIST_FILE = OSM2VectorTiles/Info.plist;
				IPHONEOS_DEPLOYMENT_TARGET = 13.0;
				LD_RUNPATH_SEARCH_PATHS = (
					"$(inherited)",
					"@executable_path/Frameworks",
				);
				MARKETING_VERSION = "5.12.2${XCS_INTEGRATION_NUMBER}${CI_BUILD_NUMBER}";
				PRODUCT_BUNDLE_IDENTIFIER = com.roblabs.GeographyClass;
				PRODUCT_NAME = "$(TARGET_NAME)";
				SWIFT_OBJC_BRIDGING_HEADER = "";
				SWIFT_OPTIMIZATION_LEVEL = "-Onone";
				SWIFT_SWIFT3_OBJC_INFERENCE = Default;
				SWIFT_VERSION = 5.0;
			};
			name = Debug;
		};
		4C5BF3291C84DDF5000EE0E1 /* Release */ = {
			isa = XCBuildConfiguration;
			buildSettings = {
				ASSETCATALOG_COMPILER_APPICON_NAME = AppIcon;
				CLANG_ENABLE_MODULES = YES;
				CURRENT_PROJECT_VERSION = "2${XCS_INTEGRATION_NUMBER}${CI_BUILD_NUMBER}";
				DEVELOPMENT_TEAM = J7V35W7ES8;
				FRAMEWORK_SEARCH_PATHS = (
					"$(inherited)",
					"$(PROJECT_DIR)",
				);
				INFOPLIST_FILE = OSM2VectorTiles/Info.plist;
				IPHONEOS_DEPLOYMENT_TARGET = 13.0;
				LD_RUNPATH_SEARCH_PATHS = (
					"$(inherited)",
					"@executable_path/Frameworks",
				);
				MARKETING_VERSION = "5.12.2${XCS_INTEGRATION_NUMBER}${CI_BUILD_NUMBER}";
				PRODUCT_BUNDLE_IDENTIFIER = com.roblabs.GeographyClass;
				PRODUCT_NAME = "$(TARGET_NAME)";
				SWIFT_OBJC_BRIDGING_HEADER = "";
				SWIFT_SWIFT3_OBJC_INFERENCE = Default;
				SWIFT_VERSION = 5.0;
			};
			name = Release;
		};
		D7AAD8D32395EB1D002BA6A3 /* Debug */ = {
			isa = XCBuildConfiguration;
			buildSettings = {
				ALWAYS_EMBED_SWIFT_STANDARD_LIBRARIES = YES;
				CLANG_ANALYZER_NONNULL = YES;
				CLANG_ANALYZER_NUMBER_OBJECT_CONVERSION = YES_AGGRESSIVE;
				CLANG_CXX_LANGUAGE_STANDARD = "gnu++14";
				CLANG_ENABLE_OBJC_WEAK = YES;
				CLANG_WARN_DOCUMENTATION_COMMENTS = YES;
				CLANG_WARN_UNGUARDED_AVAILABILITY = YES_AGGRESSIVE;
				CODE_SIGN_STYLE = Automatic;
				DEVELOPMENT_TEAM = J7V35W7ES8;
				GCC_C_LANGUAGE_STANDARD = gnu11;
				INFOPLIST_FILE = OSM2VectorTilesUITests/Info.plist;
				IPHONEOS_DEPLOYMENT_TARGET = 13.2;
				LD_RUNPATH_SEARCH_PATHS = (
					"$(inherited)",
					"@executable_path/Frameworks",
					"@loader_path/Frameworks",
				);
				MTL_ENABLE_DEBUG_INFO = INCLUDE_SOURCE;
				MTL_FAST_MATH = YES;
				PRODUCT_BUNDLE_IDENTIFIER = com.roblabs.OSM2VectorTilesUITests;
				PRODUCT_NAME = "$(TARGET_NAME)";
				PROVISIONING_PROFILE = "";
				SWIFT_ACTIVE_COMPILATION_CONDITIONS = DEBUG;
				SWIFT_VERSION = 5.0;
				TARGETED_DEVICE_FAMILY = "1,2";
				TEST_TARGET_NAME = GeographyClass;
			};
			name = Debug;
		};
		D7AAD8D42395EB1D002BA6A3 /* Release */ = {
			isa = XCBuildConfiguration;
			buildSettings = {
				ALWAYS_EMBED_SWIFT_STANDARD_LIBRARIES = YES;
				CLANG_ANALYZER_NONNULL = YES;
				CLANG_ANALYZER_NUMBER_OBJECT_CONVERSION = YES_AGGRESSIVE;
				CLANG_CXX_LANGUAGE_STANDARD = "gnu++14";
				CLANG_ENABLE_OBJC_WEAK = YES;
				CLANG_WARN_DOCUMENTATION_COMMENTS = YES;
				CLANG_WARN_UNGUARDED_AVAILABILITY = YES_AGGRESSIVE;
				CODE_SIGN_STYLE = Automatic;
				DEVELOPMENT_TEAM = J7V35W7ES8;
				GCC_C_LANGUAGE_STANDARD = gnu11;
				INFOPLIST_FILE = OSM2VectorTilesUITests/Info.plist;
				IPHONEOS_DEPLOYMENT_TARGET = 13.2;
				LD_RUNPATH_SEARCH_PATHS = (
					"$(inherited)",
					"@executable_path/Frameworks",
					"@loader_path/Frameworks",
				);
				MTL_FAST_MATH = YES;
				PRODUCT_BUNDLE_IDENTIFIER = com.roblabs.OSM2VectorTilesUITests;
				PRODUCT_NAME = "$(TARGET_NAME)";
				PROVISIONING_PROFILE = "";
				SWIFT_VERSION = 5.0;
				TARGETED_DEVICE_FAMILY = "1,2";
				TEST_TARGET_NAME = GeographyClass;
			};
			name = Release;
		};
/* End XCBuildConfiguration section */

/* Begin XCConfigurationList section */
		4C5BF3101C84DDF5000EE0E1 /* Build configuration list for PBXProject "openmaptiles-ios-demo" */ = {
			isa = XCConfigurationList;
			buildConfigurations = (
				4C5BF3251C84DDF5000EE0E1 /* Debug */,
				4C5BF3261C84DDF5000EE0E1 /* Release */,
			);
			defaultConfigurationIsVisible = 0;
			defaultConfigurationName = Release;
		};
		4C5BF3271C84DDF5000EE0E1 /* Build configuration list for PBXNativeTarget "GeographyClass" */ = {
			isa = XCConfigurationList;
			buildConfigurations = (
				4C5BF3281C84DDF5000EE0E1 /* Debug */,
				4C5BF3291C84DDF5000EE0E1 /* Release */,
			);
			defaultConfigurationIsVisible = 0;
			defaultConfigurationName = Release;
		};
		D7AAD8D52395EB1D002BA6A3 /* Build configuration list for PBXNativeTarget "OSM2VectorTilesUITests" */ = {
			isa = XCConfigurationList;
			buildConfigurations = (
				D7AAD8D32395EB1D002BA6A3 /* Debug */,
				D7AAD8D42395EB1D002BA6A3 /* Release */,
			);
			defaultConfigurationIsVisible = 0;
			defaultConfigurationName = Release;
		};
/* End XCConfigurationList section */

/* Begin XCRemoteSwiftPackageReference section */
		D7B3381C27A7373000092598 /* XCRemoteSwiftPackageReference "maplibre-gl-native-distribution" */ = {
			isa = XCRemoteSwiftPackageReference;
			repositoryURL = "https://github.com/maplibre/maplibre-gl-native-distribution";
			requirement = {
				kind = upToNextMajorVersion;
				minimumVersion = 5.12.0;
			};
		};
		D7CB6B23267BB135007E9F1B /* XCRemoteSwiftPackageReference "mapview-log-extensions" */ = {
			isa = XCRemoteSwiftPackageReference;
			repositoryURL = "https://github.com/roblabs/mapview-log-extensions.git";
			requirement = {
				kind = upToNextMajorVersion;
				minimumVersion = 2.78.31415;
			};
		};
/* End XCRemoteSwiftPackageReference section */

/* Begin XCSwiftPackageProductDependency section */
		D7B3381D27A7373000092598 /* Mapbox */ = {
			isa = XCSwiftPackageProductDependency;
			package = D7B3381C27A7373000092598 /* XCRemoteSwiftPackageReference "maplibre-gl-native-distribution" */;
			productName = Mapbox;
		};
		D7CB6B24267BB135007E9F1B /* MapView OSLog Extensions */ = {
			isa = XCSwiftPackageProductDependency;
			package = D7CB6B23267BB135007E9F1B /* XCRemoteSwiftPackageReference "mapview-log-extensions" */;
			productName = "MapView OSLog Extensions";
		};
/* End XCSwiftPackageProductDependency section */
	};
	rootObject = 4C5BF30D1C84DDF5000EE0E1 /* Project object */;
}
