// !$*UTF8*$!
{
	archiveVersion = 1;
	classes = {
	};
	objectVersion = 46;
	objects = {

/* Begin PBXBuildFile section */
		4C5BF3191C84DDF5000EE0E1 /* AppDelegate.swift in Sources */ = {isa = PBXBuildFile; fileRef = 4C5BF3181C84DDF5000EE0E1 /* AppDelegate.swift */; };
		4C5BF31B1C84DDF5000EE0E1 /* ViewController.swift in Sources */ = {isa = PBXBuildFile; fileRef = 4C5BF31A1C84DDF5000EE0E1 /* ViewController.swift */; };
		4C5BF31E1C84DDF5000EE0E1 /* Main.storyboard in Resources */ = {isa = PBXBuildFile; fileRef = 4C5BF31C1C84DDF5000EE0E1 /* Main.storyboard */; };
		4C5BF3201C84DDF5000EE0E1 /* Assets.xcassets in Resources */ = {isa = PBXBuildFile; fileRef = 4C5BF31F1C84DDF5000EE0E1 /* Assets.xcassets */; };
		4C5BF3231C84DDF5000EE0E1 /* LaunchScreen.storyboard in Resources */ = {isa = PBXBuildFile; fileRef = 4C5BF3211C84DDF5000EE0E1 /* LaunchScreen.storyboard */; };
		D71B679A1C9C827300C6AA6A /* glyphs in Resources */ = {isa = PBXBuildFile; fileRef = D71B67971C9C827300C6AA6A /* glyphs */; };
		D71B679B1C9C827300C6AA6A /* sprites in Resources */ = {isa = PBXBuildFile; fileRef = D71B67981C9C827300C6AA6A /* sprites */; };
		D7AAD8CF2395EB1D002BA6A3 /* OSM2VectorTilesUITests.swift in Sources */ = {isa = PBXBuildFile; fileRef = D7AAD8CE2395EB1D002BA6A3 /* OSM2VectorTilesUITests.swift */; };
		D7B2C58D24B27DEA00CFEA39 /* ViewController_Preview.swift in Sources */ = {isa = PBXBuildFile; fileRef = D7B2C58C24B27DE900CFEA39 /* ViewController_Preview.swift */; };
		D7CC50CE2486E0610001AA89 /* Mapbox.framework in Frameworks */ = {isa = PBXBuildFile; fileRef = D7CC50CD2486E0610001AA89 /* Mapbox.framework */; };
		FD137E021E08E259005C1849 /* styles in Resources */ = {isa = PBXBuildFile; fileRef = FD137E011E08E259005C1849 /* styles */; };
		FD137E041E08E67E005C1849 /* geography-class.osm2vectortiles in Resources */ = {isa = PBXBuildFile; fileRef = FD137E031E08E67E005C1849 /* geography-class.osm2vectortiles */; };
/* End PBXBuildFile section */

/* Begin PBXContainerItemProxy section */
		D7AAD8D12395EB1D002BA6A3 /* PBXContainerItemProxy */ = {
			isa = PBXContainerItemProxy;
			containerPortal = 4C5BF30D1C84DDF5000EE0E1 /* Project object */;
			proxyType = 1;
			remoteGlobalIDString = 4C5BF3141C84DDF5000EE0E1;
			remoteInfo = OSM2VectorTiles;
		};
/* End PBXContainerItemProxy section */

/* Begin PBXCopyFilesBuildPhase section */
		4C5BF32D1C84DE90000EE0E1 /* Embed Frameworks */ = {
			isa = PBXCopyFilesBuildPhase;
			buildActionMask = 2147483647;
			dstPath = "";
			dstSubfolderSpec = 10;
			files = (
			);
			name = "Embed Frameworks";
			runOnlyForDeploymentPostprocessing = 0;
		};
/* End PBXCopyFilesBuildPhase section */

/* Begin PBXFileReference section */
		4C5BF3151C84DDF5000EE0E1 /* OSM2VectorTiles.app */ = {isa = PBXFileReference; explicitFileType = wrapper.application; includeInIndex = 0; path = OSM2VectorTiles.app; sourceTree = BUILT_PRODUCTS_DIR; };
		4C5BF3181C84DDF5000EE0E1 /* AppDelegate.swift */ = {isa = PBXFileReference; lastKnownFileType = sourcecode.swift; path = AppDelegate.swift; sourceTree = "<group>"; };
		4C5BF31A1C84DDF5000EE0E1 /* ViewController.swift */ = {isa = PBXFileReference; lastKnownFileType = sourcecode.swift; path = ViewController.swift; sourceTree = "<group>"; };
		4C5BF31D1C84DDF5000EE0E1 /* Base */ = {isa = PBXFileReference; lastKnownFileType = file.storyboard; name = Base; path = Base.lproj/Main.storyboard; sourceTree = "<group>"; };
		4C5BF31F1C84DDF5000EE0E1 /* Assets.xcassets */ = {isa = PBXFileReference; lastKnownFileType = folder.assetcatalog; path = Assets.xcassets; sourceTree = "<group>"; };
		4C5BF3221C84DDF5000EE0E1 /* Base */ = {isa = PBXFileReference; lastKnownFileType = file.storyboard; name = Base; path = Base.lproj/LaunchScreen.storyboard; sourceTree = "<group>"; };
		4C5BF3241C84DDF5000EE0E1 /* Info.plist */ = {isa = PBXFileReference; lastKnownFileType = text.plist.xml; path = Info.plist; sourceTree = "<group>"; };
		D71B67971C9C827300C6AA6A /* glyphs */ = {isa = PBXFileReference; lastKnownFileType = folder; path = glyphs; sourceTree = "<group>"; };
		D71B67981C9C827300C6AA6A /* sprites */ = {isa = PBXFileReference; lastKnownFileType = folder; path = sprites; sourceTree = "<group>"; };
		D71B67A41CA0946700C6AA6A /* geography-class.mbtiles */ = {isa = PBXFileReference; lastKnownFileType = file; path = "geography-class.mbtiles"; sourceTree = "<group>"; };
		D76B160B2384D78C00887BDA /* ci.sh */ = {isa = PBXFileReference; lastKnownFileType = text.script.sh; path = ci.sh; sourceTree = "<group>"; };
		D7AAD8CC2395EB1D002BA6A3 /* OSM2VectorTilesUITests.xctest */ = {isa = PBXFileReference; explicitFileType = wrapper.cfbundle; includeInIndex = 0; path = OSM2VectorTilesUITests.xctest; sourceTree = BUILT_PRODUCTS_DIR; };
		D7AAD8CE2395EB1D002BA6A3 /* OSM2VectorTilesUITests.swift */ = {isa = PBXFileReference; lastKnownFileType = sourcecode.swift; path = OSM2VectorTilesUITests.swift; sourceTree = "<group>"; };
		D7AAD8D02395EB1D002BA6A3 /* Info.plist */ = {isa = PBXFileReference; lastKnownFileType = text.plist.xml; path = Info.plist; sourceTree = "<group>"; };
		D7B2C58C24B27DE900CFEA39 /* ViewController_Preview.swift */ = {isa = PBXFileReference; lastKnownFileType = sourcecode.swift; path = ViewController_Preview.swift; sourceTree = "<group>"; };
		D7CC50CD2486E0610001AA89 /* Mapbox.framework */ = {isa = PBXFileReference; lastKnownFileType = wrapper.framework; name = Mapbox.framework; path = Carthage/Build/iOS/Mapbox.framework; sourceTree = "<group>"; };
		D7FD07362486E5F000738B0A /* OSM2VectorTiles.xctestplan */ = {isa = PBXFileReference; lastKnownFileType = text; path = OSM2VectorTiles.xctestplan; sourceTree = "<group>"; };
		FD137E011E08E259005C1849 /* styles */ = {isa = PBXFileReference; lastKnownFileType = folder; path = styles; sourceTree = "<group>"; };
		FD137E031E08E67E005C1849 /* geography-class.osm2vectortiles */ = {isa = PBXFileReference; lastKnownFileType = folder; path = "geography-class.osm2vectortiles"; sourceTree = "<group>"; };
		FD184C7E1E3FBAEE007CC408 /* readme.md */ = {isa = PBXFileReference; fileEncoding = 4; lastKnownFileType = net.daringfireball.markdown; path = readme.md; sourceTree = "<group>"; };
/* End PBXFileReference section */

/* Begin PBXFrameworksBuildPhase section */
		4C5BF3121C84DDF5000EE0E1 /* Frameworks */ = {
			isa = PBXFrameworksBuildPhase;
			buildActionMask = 2147483647;
			files = (
				D7CC50CE2486E0610001AA89 /* Mapbox.framework in Frameworks */,
			);
			runOnlyForDeploymentPostprocessing = 0;
		};
		D7AAD8C92395EB1D002BA6A3 /* Frameworks */ = {
			isa = PBXFrameworksBuildPhase;
			buildActionMask = 2147483647;
			files = (
			);
			runOnlyForDeploymentPostprocessing = 0;
		};
/* End PBXFrameworksBuildPhase section */

/* Begin PBXGroup section */
		2E6C96FF13619EF1C4AFECF5 /* Frameworks */ = {
			isa = PBXGroup;
			children = (
				D7CC50CD2486E0610001AA89 /* Mapbox.framework */,
			);
			name = Frameworks;
			sourceTree = "<group>";
		};
		4C5BF30C1C84DDF5000EE0E1 = {
			isa = PBXGroup;
			children = (
				FD184C7E1E3FBAEE007CC408 /* readme.md */,
				D7B2C58E24B27E3E00CFEA39 /* SwiftUI-Previews */,
				D76B160C2384D79D00887BDA /* Continuous-Integration */,
				4C5BF3171C84DDF5000EE0E1 /* OSM2VectorTiles */,
				D7AAD8CD2395EB1D002BA6A3 /* OSM2VectorTilesUITests */,
				4C5BF3161C84DDF5000EE0E1 /* Products */,
				2E6C96FF13619EF1C4AFECF5 /* Frameworks */,
			);
			sourceTree = "<group>";
		};
		4C5BF3161C84DDF5000EE0E1 /* Products */ = {
			isa = PBXGroup;
			children = (
				4C5BF3151C84DDF5000EE0E1 /* OSM2VectorTiles.app */,
				D7AAD8CC2395EB1D002BA6A3 /* OSM2VectorTilesUITests.xctest */,
			);
			name = Products;
			sourceTree = "<group>";
		};
		4C5BF3171C84DDF5000EE0E1 /* OSM2VectorTiles */ = {
			isa = PBXGroup;
			children = (
				4C5BF31F1C84DDF5000EE0E1 /* Assets.xcassets */,
				D71B67A11CA08A0A00C6AA6A /* Resources */,
				4C5BF3181C84DDF5000EE0E1 /* AppDelegate.swift */,
				4C5BF31A1C84DDF5000EE0E1 /* ViewController.swift */,
				4C5BF3241C84DDF5000EE0E1 /* Info.plist */,
				4C5BF31C1C84DDF5000EE0E1 /* Main.storyboard */,
				4C5BF3211C84DDF5000EE0E1 /* LaunchScreen.storyboard */,
			);
			path = OSM2VectorTiles;
			sourceTree = "<group>";
		};
		D71B67A11CA08A0A00C6AA6A /* Resources */ = {
			isa = PBXGroup;
			children = (
				FD137E031E08E67E005C1849 /* geography-class.osm2vectortiles */,
				D71B67A41CA0946700C6AA6A /* geography-class.mbtiles */,
				FD137E011E08E259005C1849 /* styles */,
				D71B67981C9C827300C6AA6A /* sprites */,
				D71B67971C9C827300C6AA6A /* glyphs */,
			);
			name = Resources;
			sourceTree = "<group>";
		};
		D76B160C2384D79D00887BDA /* Continuous-Integration */ = {
			isa = PBXGroup;
			children = (
				D76B160B2384D78C00887BDA /* ci.sh */,
			);
			path = "Continuous-Integration";
			sourceTree = "<group>";
		};
		D7AAD8CD2395EB1D002BA6A3 /* OSM2VectorTilesUITests */ = {
			isa = PBXGroup;
			children = (
				D7FD07362486E5F000738B0A /* OSM2VectorTiles.xctestplan */,
				D7AAD8CE2395EB1D002BA6A3 /* OSM2VectorTilesUITests.swift */,
				D7AAD8D02395EB1D002BA6A3 /* Info.plist */,
			);
			path = OSM2VectorTilesUITests;
			sourceTree = "<group>";
		};
		D7B2C58E24B27E3E00CFEA39 /* SwiftUI-Previews */ = {
			isa = PBXGroup;
			children = (
				D7B2C58C24B27DE900CFEA39 /* ViewController_Preview.swift */,
			);
			path = "SwiftUI-Previews";
			sourceTree = "<group>";
		};
/* End PBXGroup section */

/* Begin PBXNativeTarget section */
		4C5BF3141C84DDF5000EE0E1 /* OSM2VectorTiles */ = {
			isa = PBXNativeTarget;
			buildConfigurationList = 4C5BF3271C84DDF5000EE0E1 /* Build configuration list for PBXNativeTarget "OSM2VectorTiles" */;
			buildPhases = (
				4C5BF3111C84DDF5000EE0E1 /* Sources */,
				4C5BF3121C84DDF5000EE0E1 /* Frameworks */,
				4C5BF3131C84DDF5000EE0E1 /* Resources */,
				4C5BF32D1C84DE90000EE0E1 /* Embed Frameworks */,
				D7CC50CF2486E07D0001AA89 /* Run Script `carthage copy-frameworks` */,
			);
			buildRules = (
			);
			dependencies = (
			);
			name = OSM2VectorTiles;
			productName = OSM2VectorTiles;
			productReference = 4C5BF3151C84DDF5000EE0E1 /* OSM2VectorTiles.app */;
			productType = "com.apple.product-type.application";
		};
		D7AAD8CB2395EB1D002BA6A3 /* OSM2VectorTilesUITests */ = {
			isa = PBXNativeTarget;
			buildConfigurationList = D7AAD8D52395EB1D002BA6A3 /* Build configuration list for PBXNativeTarget "OSM2VectorTilesUITests" */;
			buildPhases = (
				D7AAD8C82395EB1D002BA6A3 /* Sources */,
				D7AAD8C92395EB1D002BA6A3 /* Frameworks */,
				D7AAD8CA2395EB1D002BA6A3 /* Resources */,
			);
			buildRules = (
			);
			dependencies = (
				D7AAD8D22395EB1D002BA6A3 /* PBXTargetDependency */,
			);
			name = OSM2VectorTilesUITests;
			productName = OSM2VectorTilesUITests;
			productReference = D7AAD8CC2395EB1D002BA6A3 /* OSM2VectorTilesUITests.xctest */;
			productType = "com.apple.product-type.bundle.ui-testing";
		};
/* End PBXNativeTarget section */

/* Begin PBXProject section */
		4C5BF30D1C84DDF5000EE0E1 /* Project object */ = {
			isa = PBXProject;
			attributes = {
				LastSwiftUpdateCheck = 1120;
				LastUpgradeCheck = 1120;
				ORGANIZATIONNAME = "Klokan Technologies GmbH";
				TargetAttributes = {
					4C5BF3141C84DDF5000EE0E1 = {
						CreatedOnToolsVersion = 7.2.1;
						DevelopmentTeam = J7V35W7ES8;
						LastSwiftMigration = 1120;
					};
					D7AAD8CB2395EB1D002BA6A3 = {
						CreatedOnToolsVersion = 11.2.1;
						DevelopmentTeam = J7V35W7ES8;
						ProvisioningStyle = Automatic;
						TestTargetID = 4C5BF3141C84DDF5000EE0E1;
					};
				};
			};
			buildConfigurationList = 4C5BF3101C84DDF5000EE0E1 /* Build configuration list for PBXProject "openmaptiles-ios-demo" */;
			compatibilityVersion = "Xcode 3.2";
			developmentRegion = en;
			hasScannedForEncodings = 0;
			knownRegions = (
				en,
				Base,
			);
			mainGroup = 4C5BF30C1C84DDF5000EE0E1;
			productRefGroup = 4C5BF3161C84DDF5000EE0E1 /* Products */;
			projectDirPath = "";
			projectRoot = "";
			targets = (
				4C5BF3141C84DDF5000EE0E1 /* OSM2VectorTiles */,
				D7AAD8CB2395EB1D002BA6A3 /* OSM2VectorTilesUITests */,
			);
		};
/* End PBXProject section */

/* Begin PBXResourcesBuildPhase section */
		4C5BF3131C84DDF5000EE0E1 /* Resources */ = {
			isa = PBXResourcesBuildPhase;
			buildActionMask = 2147483647;
			files = (
				4C5BF3231C84DDF5000EE0E1 /* LaunchScreen.storyboard in Resources */,
				FD137E041E08E67E005C1849 /* geography-class.osm2vectortiles in Resources */,
				4C5BF3201C84DDF5000EE0E1 /* Assets.xcassets in Resources */,
				FD137E021E08E259005C1849 /* styles in Resources */,
				4C5BF31E1C84DDF5000EE0E1 /* Main.storyboard in Resources */,
				D71B679B1C9C827300C6AA6A /* sprites in Resources */,
				D71B679A1C9C827300C6AA6A /* glyphs in Resources */,
			);
			runOnlyForDeploymentPostprocessing = 0;
		};
		D7AAD8CA2395EB1D002BA6A3 /* Resources */ = {
			isa = PBXResourcesBuildPhase;
			buildActionMask = 2147483647;
			files = (
			);
			runOnlyForDeploymentPostprocessing = 0;
		};
/* End PBXResourcesBuildPhase section */

/* Begin PBXShellScriptBuildPhase section */
		D7CC50CF2486E07D0001AA89 /* Run Script `carthage copy-frameworks` */ = {
			isa = PBXShellScriptBuildPhase;
			buildActionMask = 2147483647;
			files = (
			);
			inputFileListPaths = (
			);
			inputPaths = (
				"$(SRCROOT)/Carthage/Build/iOS/Mapbox.framework",
				"$(SRCROOT)/Carthage/Build/iOS/MapboxMobileEvents.framework",
			);
			name = "Run Script `carthage copy-frameworks`";
			outputFileListPaths = (
			);
			outputPaths = (
			);
			runOnlyForDeploymentPostprocessing = 0;
			shellPath = /bin/sh;
			shellScript = "/usr/local/bin/carthage copy-frameworks\n";
		};
/* End PBXShellScriptBuildPhase section */

/* Begin PBXSourcesBuildPhase section */
		4C5BF3111C84DDF5000EE0E1 /* Sources */ = {
			isa = PBXSourcesBuildPhase;
			buildActionMask = 2147483647;
			files = (
				4C5BF31B1C84DDF5000EE0E1 /* ViewController.swift in Sources */,
				4C5BF3191C84DDF5000EE0E1 /* AppDelegate.swift in Sources */,
				D7B2C58D24B27DEA00CFEA39 /* ViewController_Preview.swift in Sources */,
			);
			runOnlyForDeploymentPostprocessing = 0;
		};
		D7AAD8C82395EB1D002BA6A3 /* Sources */ = {
			isa = PBXSourcesBuildPhase;
			buildActionMask = 2147483647;
			files = (
				D7AAD8CF2395EB1D002BA6A3 /* OSM2VectorTilesUITests.swift in Sources */,
			);
			runOnlyForDeploymentPostprocessing = 0;
		};
/* End PBXSourcesBuildPhase section */

/* Begin PBXTargetDependency section */
		D7AAD8D22395EB1D002BA6A3 /* PBXTargetDependency */ = {
			isa = PBXTargetDependency;
			target = 4C5BF3141C84DDF5000EE0E1 /* OSM2VectorTiles */;
			targetProxy = D7AAD8D12395EB1D002BA6A3 /* PBXContainerItemProxy */;
		};
/* End PBXTargetDependency section */

/* Begin PBXVariantGroup section */
		4C5BF31C1C84DDF5000EE0E1 /* Main.storyboard */ = {
			isa = PBXVariantGroup;
			children = (
				4C5BF31D1C84DDF5000EE0E1 /* Base */,
			);
			name = Main.storyboard;
			sourceTree = "<group>";
		};
		4C5BF3211C84DDF5000EE0E1 /* LaunchScreen.storyboard */ = {
			isa = PBXVariantGroup;
			children = (
				4C5BF3221C84DDF5000EE0E1 /* Base */,
			);
			name = LaunchScreen.storyboard;
			sourceTree = "<group>";
		};
/* End PBXVariantGroup section */

/* Begin XCBuildConfiguration section */
		4C5BF3251C84DDF5000EE0E1 /* Debug */ = {
			isa = XCBuildConfiguration;
			buildSettings = {
				ALWAYS_SEARCH_USER_PATHS = NO;
				CLANG_ANALYZER_LOCALIZABILITY_NONLOCALIZED = YES;
				CLANG_CXX_LANGUAGE_STANDARD = "gnu++0x";
				CLANG_CXX_LIBRARY = "libc++";
				CLANG_ENABLE_MODULES = YES;
				CLANG_ENABLE_OBJC_ARC = YES;
				CLANG_WARN_BLOCK_CAPTURE_AUTORELEASING = YES;
				CLANG_WARN_BOOL_CONVERSION = YES;
				CLANG_WARN_COMMA = YES;
				CLANG_WARN_CONSTANT_CONVERSION = YES;
				CLANG_WARN_DEPRECATED_OBJC_IMPLEMENTATIONS = YES;
				CLANG_WARN_DIRECT_OBJC_ISA_USAGE = YES_ERROR;
				CLANG_WARN_EMPTY_BODY = YES;
				CLANG_WARN_ENUM_CONVERSION = YES;
				CLANG_WARN_INFINITE_RECURSION = YES;
				CLANG_WARN_INT_CONVERSION = YES;
				CLANG_WARN_NON_LITERAL_NULL_CONVERSION = YES;
				CLANG_WARN_OBJC_IMPLICIT_RETAIN_SELF = YES;
				CLANG_WARN_OBJC_LITERAL_CONVERSION = YES;
				CLANG_WARN_OBJC_ROOT_CLASS = YES_ERROR;
				CLANG_WARN_RANGE_LOOP_ANALYSIS = YES;
				CLANG_WARN_STRICT_PROTOTYPES = YES;
				CLANG_WARN_SUSPICIOUS_MOVE = YES;
				CLANG_WARN_UNREACHABLE_CODE = YES;
				CLANG_WARN__DUPLICATE_METHOD_MATCH = YES;
				"CODE_SIGN_IDENTITY[sdk=iphoneos*]" = "iPhone Developer";
				COPY_PHASE_STRIP = NO;
				DEBUG_INFORMATION_FORMAT = dwarf;
				ENABLE_STRICT_OBJC_MSGSEND = YES;
				ENABLE_TESTABILITY = YES;
				GCC_C_LANGUAGE_STANDARD = gnu99;
				GCC_DYNAMIC_NO_PIC = NO;
				GCC_NO_COMMON_BLOCKS = YES;
				GCC_OPTIMIZATION_LEVEL = 0;
				GCC_PREPROCESSOR_DEFINITIONS = (
					"DEBUG=1",
					"$(inherited)",
				);
				GCC_WARN_64_TO_32_BIT_CONVERSION = YES;
				GCC_WARN_ABOUT_RETURN_TYPE = YES_ERROR;
				GCC_WARN_UNDECLARED_SELECTOR = YES;
				GCC_WARN_UNINITIALIZED_AUTOS = YES_AGGRESSIVE;
				GCC_WARN_UNUSED_FUNCTION = YES;
				GCC_WARN_UNUSED_VARIABLE = YES;
				IPHONEOS_DEPLOYMENT_TARGET = 9.2;
				MTL_ENABLE_DEBUG_INFO = YES;
				ONLY_ACTIVE_ARCH = YES;
				SDKROOT = iphoneos;
				SWIFT_OPTIMIZATION_LEVEL = "-Onone";
				TARGETED_DEVICE_FAMILY = "1,2";
			};
			name = Debug;
		};
		4C5BF3261C84DDF5000EE0E1 /* Release */ = {
			isa = XCBuildConfiguration;
			buildSettings = {
				ALWAYS_SEARCH_USER_PATHS = NO;
				CLANG_ANALYZER_LOCALIZABILITY_NONLOCALIZED = YES;
				CLANG_CXX_LANGUAGE_STANDARD = "gnu++0x";
				CLANG_CXX_LIBRARY = "libc++";
				CLANG_ENABLE_MODULES = YES;
				CLANG_ENABLE_OBJC_ARC = YES;
				CLANG_WARN_BLOCK_CAPTURE_AUTORELEASING = YES;
				CLANG_WARN_BOOL_CONVERSION = YES;
				CLANG_WARN_COMMA = YES;
				CLANG_WARN_CONSTANT_CONVERSION = YES;
				CLANG_WARN_DEPRECATED_OBJC_IMPLEMENTATIONS = YES;
				CLANG_WARN_DIRECT_OBJC_ISA_USAGE = YES_ERROR;
				CLANG_WARN_EMPTY_BODY = YES;
				CLANG_WARN_ENUM_CONVERSION = YES;
				CLANG_WARN_INFINITE_RECURSION = YES;
				CLANG_WARN_INT_CONVERSION = YES;
				CLANG_WARN_NON_LITERAL_NULL_CONVERSION = YES;
				CLANG_WARN_OBJC_IMPLICIT_RETAIN_SELF = YES;
				CLANG_WARN_OBJC_LITERAL_CONVERSION = YES;
				CLANG_WARN_OBJC_ROOT_CLASS = YES_ERROR;
				CLANG_WARN_RANGE_LOOP_ANALYSIS = YES;
				CLANG_WARN_STRICT_PROTOTYPES = YES;
				CLANG_WARN_SUSPICIOUS_MOVE = YES;
				CLANG_WARN_UNREACHABLE_CODE = YES;
				CLANG_WARN__DUPLICATE_METHOD_MATCH = YES;
				"CODE_SIGN_IDENTITY[sdk=iphoneos*]" = "iPhone Developer";
				COPY_PHASE_STRIP = NO;
				DEBUG_INFORMATION_FORMAT = "dwarf-with-dsym";
				ENABLE_NS_ASSERTIONS = NO;
				ENABLE_STRICT_OBJC_MSGSEND = YES;
				GCC_C_LANGUAGE_STANDARD = gnu99;
				GCC_NO_COMMON_BLOCKS = YES;
				GCC_WARN_64_TO_32_BIT_CONVERSION = YES;
				GCC_WARN_ABOUT_RETURN_TYPE = YES_ERROR;
				GCC_WARN_UNDECLARED_SELECTOR = YES;
				GCC_WARN_UNINITIALIZED_AUTOS = YES_AGGRESSIVE;
				GCC_WARN_UNUSED_FUNCTION = YES;
				GCC_WARN_UNUSED_VARIABLE = YES;
				IPHONEOS_DEPLOYMENT_TARGET = 9.2;
				MTL_ENABLE_DEBUG_INFO = NO;
				SDKROOT = iphoneos;
				SWIFT_OPTIMIZATION_LEVEL = "-Owholemodule";
				TARGETED_DEVICE_FAMILY = "1,2";
				VALIDATE_PRODUCT = YES;
			};
			name = Release;
		};
		4C5BF3281C84DDF5000EE0E1 /* Debug */ = {
			isa = XCBuildConfiguration;
			buildSettings = {
				ASSETCATALOG_COMPILER_APPICON_NAME = AppIcon;
				CURRENT_PROJECT_VERSION = "${XCS_INTEGRATION_NUMBER}0";
				DEVELOPMENT_TEAM = J7V35W7ES8;
				FRAMEWORK_SEARCH_PATHS = (
					"$(inherited)",
					"$(PROJECT_DIR)",
					"$(PROJECT_DIR)/Carthage/Build/iOS",
				);
				INFOPLIST_FILE = OSM2VectorTiles/Info.plist;
				IPHONEOS_DEPLOYMENT_TARGET = 11.4;
				LD_RUNPATH_SEARCH_PATHS = "$(inherited) @executable_path/Frameworks";
				MARKETING_VERSION = "1.341.${XCS_INTEGRATION_NUMBER}0";
				PRODUCT_BUNDLE_IDENTIFIER = com.roblabs.papermaps.GeographyClass;
				PRODUCT_NAME = "$(TARGET_NAME)";
				SWIFT_SWIFT3_OBJC_INFERENCE = Default;
				SWIFT_VERSION = 5.0;
			};
			name = Debug;
		};
		4C5BF3291C84DDF5000EE0E1 /* Release */ = {
			isa = XCBuildConfiguration;
			buildSettings = {
				ASSETCATALOG_COMPILER_APPICON_NAME = AppIcon;
				CURRENT_PROJECT_VERSION = "${XCS_INTEGRATION_NUMBER}0";
				DEVELOPMENT_TEAM = J7V35W7ES8;
				FRAMEWORK_SEARCH_PATHS = (
					"$(inherited)",
					"$(PROJECT_DIR)",
					"$(PROJECT_DIR)/Carthage/Build/iOS",
				);
				INFOPLIST_FILE = OSM2VectorTiles/Info.plist;
				IPHONEOS_DEPLOYMENT_TARGET = 11.4;
				LD_RUNPATH_SEARCH_PATHS = "$(inherited) @executable_path/Frameworks";
				MARKETING_VERSION = "1.341.${XCS_INTEGRATION_NUMBER}0";
				PRODUCT_BUNDLE_IDENTIFIER = com.roblabs.papermaps.GeographyClass;
				PRODUCT_NAME = "$(TARGET_NAME)";
				SWIFT_SWIFT3_OBJC_INFERENCE = Default;
				SWIFT_VERSION = 5.0;
			};
			name = Release;
		};
		D7AAD8D32395EB1D002BA6A3 /* Debug */ = {
			isa = XCBuildConfiguration;
			buildSettings = {
				CLANG_ANALYZER_NONNULL = YES;
				CLANG_ANALYZER_NUMBER_OBJECT_CONVERSION = YES_AGGRESSIVE;
				CLANG_CXX_LANGUAGE_STANDARD = "gnu++14";
				CLANG_ENABLE_OBJC_WEAK = YES;
				CLANG_WARN_DOCUMENTATION_COMMENTS = YES;
				CLANG_WARN_UNGUARDED_AVAILABILITY = YES_AGGRESSIVE;
				CODE_SIGN_STYLE = Automatic;
				DEVELOPMENT_TEAM = J7V35W7ES8;
				GCC_C_LANGUAGE_STANDARD = gnu11;
				INFOPLIST_FILE = OSM2VectorTilesUITests/Info.plist;
				IPHONEOS_DEPLOYMENT_TARGET = 13.2;
				LD_RUNPATH_SEARCH_PATHS = "$(inherited) @executable_path/Frameworks @loader_path/Frameworks";
				MTL_ENABLE_DEBUG_INFO = INCLUDE_SOURCE;
				MTL_FAST_MATH = YES;
				PRODUCT_BUNDLE_IDENTIFIER = com.roblabs.OSM2VectorTilesUITests;
				PRODUCT_NAME = "$(TARGET_NAME)";
				SWIFT_ACTIVE_COMPILATION_CONDITIONS = DEBUG;
				SWIFT_VERSION = 5.0;
				TARGETED_DEVICE_FAMILY = "1,2";
				TEST_TARGET_NAME = OSM2VectorTiles;
			};
			name = Debug;
		};
		D7AAD8D42395EB1D002BA6A3 /* Release */ = {
			isa = XCBuildConfiguration;
			buildSettings = {
				CLANG_ANALYZER_NONNULL = YES;
				CLANG_ANALYZER_NUMBER_OBJECT_CONVERSION = YES_AGGRESSIVE;
				CLANG_CXX_LANGUAGE_STANDARD = "gnu++14";
				CLANG_ENABLE_OBJC_WEAK = YES;
				CLANG_WARN_DOCUMENTATION_COMMENTS = YES;
				CLANG_WARN_UNGUARDED_AVAILABILITY = YES_AGGRESSIVE;
				CODE_SIGN_STYLE = Automatic;
				DEVELOPMENT_TEAM = J7V35W7ES8;
				GCC_C_LANGUAGE_STANDARD = gnu11;
				INFOPLIST_FILE = OSM2VectorTilesUITests/Info.plist;
				IPHONEOS_DEPLOYMENT_TARGET = 13.2;
				LD_RUNPATH_SEARCH_PATHS = "$(inherited) @executable_path/Frameworks @loader_path/Frameworks";
				MTL_FAST_MATH = YES;
				PRODUCT_BUNDLE_IDENTIFIER = com.roblabs.OSM2VectorTilesUITests;
				PRODUCT_NAME = "$(TARGET_NAME)";
				SWIFT_VERSION = 5.0;
				TARGETED_DEVICE_FAMILY = "1,2";
				TEST_TARGET_NAME = OSM2VectorTiles;
			};
			name = Release;
		};
/* End XCBuildConfiguration section */

/* Begin XCConfigurationList section */
		4C5BF3101C84DDF5000EE0E1 /* Build configuration list for PBXProject "openmaptiles-ios-demo" */ = {
			isa = XCConfigurationList;
			buildConfigurations = (
				4C5BF3251C84DDF5000EE0E1 /* Debug */,
				4C5BF3261C84DDF5000EE0E1 /* Release */,
			);
			defaultConfigurationIsVisible = 0;
			defaultConfigurationName = Release;
		};
		4C5BF3271C84DDF5000EE0E1 /* Build configuration list for PBXNativeTarget "OSM2VectorTiles" */ = {
			isa = XCConfigurationList;
			buildConfigurations = (
				4C5BF3281C84DDF5000EE0E1 /* Debug */,
				4C5BF3291C84DDF5000EE0E1 /* Release */,
			);
			defaultConfigurationIsVisible = 0;
			defaultConfigurationName = Release;
		};
		D7AAD8D52395EB1D002BA6A3 /* Build configuration list for PBXNativeTarget "OSM2VectorTilesUITests" */ = {
			isa = XCConfigurationList;
			buildConfigurations = (
				D7AAD8D32395EB1D002BA6A3 /* Debug */,
				D7AAD8D42395EB1D002BA6A3 /* Release */,
			);
			defaultConfigurationIsVisible = 0;
			defaultConfigurationName = Release;
		};
/* End XCConfigurationList section */
	};
	rootObject = 4C5BF30D1C84DDF5000EE0E1 /* Project object */;
}
